PODS:
  - B68UIFloatLabelTextField (0.1.2)
  - PKHUD (3.1.0)

DEPENDENCIES:
  - B68UIFloatLabelTextField
  - PKHUD

SPEC CHECKSUMS:
  B68UIFloatLabelTextField: 337894ff837df84e19636c99f3f5f88c4fad60d7
  PKHUD: 4167eccdb1b3a892fd80ce2b51cb6ba412a889ab

PODFILE CHECKSUM: 0ecc4f4839ff77513c802c353ff32109cf0c85eb

COCOAPODS: 1.0.0.rc.1
