// !$*UTF8*$!
{
	archiveVersion = 1;
	classes = {
	};
	objectVersion = 46;
	objects = {

/* Begin PBXBuildFile section */
		9F347DB05D9CC6CA8030C76F /* Pods_RewireTests.framework in Frameworks */ = {isa = PBXBuildFile; fileRef = 838E07881E826B170FCCD7A7 /* Pods_RewireTests.framework */; };
		C8AC23E7D69CAF15B5DDE074 /* Pods_Rewire.framework in Frameworks */ = {isa = PBXBuildFile; fileRef = B41C5F6ED5362284218E63DE /* Pods_Rewire.framework */; };
		FA31DBFB1D024688007410D3 /* Habit.swift in Sources */ = {isa = PBXBuildFile; fileRef = FA31DBFA1D024688007410D3 /* Habit.swift */; };
		FA31DBFD1D02479B007410D3 /* Task.swift in Sources */ = {isa = PBXBuildFile; fileRef = FA31DBFC1D02479B007410D3 /* Task.swift */; };
		FA31DBFF1D024C70007410D3 /* Day.swift in Sources */ = {isa = PBXBuildFile; fileRef = FA31DBFE1D024C70007410D3 /* Day.swift */; };
		FA52C1871D0881C4007C4000 /* CKWorkHDataHandler.swift in Sources */ = {isa = PBXBuildFile; fileRef = FA52C1861D0881C4007C4000 /* CKWorkHDataHandler.swift */; };
		FA52C1891D08A91C007C4000 /* Main.storyboard in Resources */ = {isa = PBXBuildFile; fileRef = FA52C1881D08A91C007C4000 /* Main.storyboard */; };
		FA52C18C1D08A93E007C4000 /* MainViewController.swift in Sources */ = {isa = PBXBuildFile; fileRef = FA52C18B1D08A93E007C4000 /* MainViewController.swift */; };
		FA52C18E1D09706F007C4000 /* DateHelper.swift in Sources */ = {isa = PBXBuildFile; fileRef = FA52C18D1D09706F007C4000 /* DateHelper.swift */; };
		FA52C1911D098320007C4000 /* MainCell.swift in Sources */ = {isa = PBXBuildFile; fileRef = FA52C1901D098320007C4000 /* MainCell.swift */; };
		FA52C1931D09E205007C4000 /* Session.swift in Sources */ = {isa = PBXBuildFile; fileRef = FA52C1921D09E205007C4000 /* Session.swift */; };
		FA6C11FE1D086E29002E2516 /* CKHandler.swift in Sources */ = {isa = PBXBuildFile; fileRef = FA6C11FD1D086E29002E2516 /* CKHandler.swift */; };
		FA6C12021D086E65002E2516 /* CloudKit.framework in Frameworks */ = {isa = PBXBuildFile; fileRef = FA6C12011D086E65002E2516 /* CloudKit.framework */; };
		FA6C12061D087793002E2516 /* CKTo-dayDataHandler.swift in Sources */ = {isa = PBXBuildFile; fileRef = FA6C12051D087793002E2516 /* CKTo-dayDataHandler.swift */; };
		FA802FDE1CFF9BD400318A6A /* ProgressHUDHandler.swift in Sources */ = {isa = PBXBuildFile; fileRef = FA802FDD1CFF9BD400318A6A /* ProgressHUDHandler.swift */; };
		FA9382D21CFB7AD600F6357D /* NewHabitViewControllerTests.swift in Sources */ = {isa = PBXBuildFile; fileRef = FA9382D11CFB7AD600F6357D /* NewHabitViewControllerTests.swift */; };
		FA9382D41CFB7B6E00F6357D /* NewHabit.storyboard in Resources */ = {isa = PBXBuildFile; fileRef = FA9382D31CFB7B6E00F6357D /* NewHabit.storyboard */; };
		FA9530931CF8F40D00BA6771 /* NewHabitViewController.swift in Sources */ = {isa = PBXBuildFile; fileRef = FA9530921CF8F40D00BA6771 /* NewHabitViewController.swift */; };
		FAA1C0851D11F8BB00CCA201 /* TwitterAccountsSheetRenderer.swift in Sources */ = {isa = PBXBuildFile; fileRef = FAA1C0841D11F8BB00CCA201 /* TwitterAccountsSheetRenderer.swift */; };
		FAA1C0871D13809400CCA201 /* TwitterAccountAccessible.swift in Sources */ = {isa = PBXBuildFile; fileRef = FAA1C0861D13809400CCA201 /* TwitterAccountAccessible.swift */; };
		FAA1C0891D1389A600CCA201 /* TwitterAccountConstructable.swift in Sources */ = {isa = PBXBuildFile; fileRef = FAA1C0881D1389A600CCA201 /* TwitterAccountConstructable.swift */; };
		FABAF28A1D11EA78008A5CFD /* TwitterAccountConstructor.swift in Sources */ = {isa = PBXBuildFile; fileRef = FABAF2891D11EA77008A5CFD /* TwitterAccountConstructor.swift */; };
		FABAF28C1D11EB66008A5CFD /* TwitterAccountAccessRequestable.swift in Sources */ = {isa = PBXBuildFile; fileRef = FABAF28B1D11EB66008A5CFD /* TwitterAccountAccessRequestable.swift */; };
		FABAF28E1D11ECF2008A5CFD /* TwitterAccountRequestable.swift in Sources */ = {isa = PBXBuildFile; fileRef = FABAF28D1D11ECF2008A5CFD /* TwitterAccountRequestable.swift */; };
		FABAF2921D11EFAD008A5CFD /* TwitterAccountID.swift in Sources */ = {isa = PBXBuildFile; fileRef = FABAF2911D11EFAD008A5CFD /* TwitterAccountID.swift */; };
		FAE28EE51CA2017800E88D38 /* AppDelegate.swift in Sources */ = {isa = PBXBuildFile; fileRef = FAE28EE41CA2017800E88D38 /* AppDelegate.swift */; };
		FAE28EEF1CA2017800E88D38 /* Assets.xcassets in Resources */ = {isa = PBXBuildFile; fileRef = FAE28EEE1CA2017800E88D38 /* Assets.xcassets */; };
		FAE28EF21CA2017800E88D38 /* LaunchScreen.storyboard in Resources */ = {isa = PBXBuildFile; fileRef = FAE28EF01CA2017800E88D38 /* LaunchScreen.storyboard */; };
/* End PBXBuildFile section */

/* Begin PBXContainerItemProxy section */
		FA2FE4331CF6881100324B00 /* PBXContainerItemProxy */ = {
			isa = PBXContainerItemProxy;
			containerPortal = FAE28ED91CA2017800E88D38 /* Project object */;
			proxyType = 1;
			remoteGlobalIDString = FAE28EE01CA2017800E88D38;
			remoteInfo = Rewire;
		};
/* End PBXContainerItemProxy section */

/* Begin PBXFileReference section */
		7EB8D5F618163DD888279FE5 /* Pods-Rewire.debug.xcconfig */ = {isa = PBXFileReference; includeInIndex = 1; lastKnownFileType = text.xcconfig; name = "Pods-Rewire.debug.xcconfig"; path = "Pods/Target Support Files/Pods-Rewire/Pods-Rewire.debug.xcconfig"; sourceTree = "<group>"; };
		838E07881E826B170FCCD7A7 /* Pods_RewireTests.framework */ = {isa = PBXFileReference; explicitFileType = wrapper.framework; includeInIndex = 0; path = Pods_RewireTests.framework; sourceTree = BUILT_PRODUCTS_DIR; };
		8403AF944724422CF95D9C72 /* Pods-RewireTests.release.xcconfig */ = {isa = PBXFileReference; includeInIndex = 1; lastKnownFileType = text.xcconfig; name = "Pods-RewireTests.release.xcconfig"; path = "Pods/Target Support Files/Pods-RewireTests/Pods-RewireTests.release.xcconfig"; sourceTree = "<group>"; };
		B41C5F6ED5362284218E63DE /* Pods_Rewire.framework */ = {isa = PBXFileReference; explicitFileType = wrapper.framework; includeInIndex = 0; path = Pods_Rewire.framework; sourceTree = BUILT_PRODUCTS_DIR; };
		CAB46FD09DE61874350DFF8B /* Pods-Rewire.release.xcconfig */ = {isa = PBXFileReference; includeInIndex = 1; lastKnownFileType = text.xcconfig; name = "Pods-Rewire.release.xcconfig"; path = "Pods/Target Support Files/Pods-Rewire/Pods-Rewire.release.xcconfig"; sourceTree = "<group>"; };
		D1258A4F5E61D2C2A4A1B490 /* Pods-RewireTests.debug.xcconfig */ = {isa = PBXFileReference; includeInIndex = 1; lastKnownFileType = text.xcconfig; name = "Pods-RewireTests.debug.xcconfig"; path = "Pods/Target Support Files/Pods-RewireTests/Pods-RewireTests.debug.xcconfig"; sourceTree = "<group>"; };
		FA2FE42E1CF6881100324B00 /* RewireTests.xctest */ = {isa = PBXFileReference; explicitFileType = wrapper.cfbundle; includeInIndex = 0; path = RewireTests.xctest; sourceTree = BUILT_PRODUCTS_DIR; };
		FA2FE4321CF6881100324B00 /* Info.plist */ = {isa = PBXFileReference; lastKnownFileType = text.plist.xml; path = Info.plist; sourceTree = "<group>"; };
		FA31DBFA1D024688007410D3 /* Habit.swift */ = {isa = PBXFileReference; fileEncoding = 4; lastKnownFileType = sourcecode.swift; path = Habit.swift; sourceTree = "<group>"; };
		FA31DBFC1D02479B007410D3 /* Task.swift */ = {isa = PBXFileReference; fileEncoding = 4; lastKnownFileType = sourcecode.swift; path = Task.swift; sourceTree = "<group>"; };
		FA31DBFE1D024C70007410D3 /* Day.swift */ = {isa = PBXFileReference; fileEncoding = 4; lastKnownFileType = sourcecode.swift; path = Day.swift; sourceTree = "<group>"; };
		FA52C1861D0881C4007C4000 /* CKWorkHDataHandler.swift */ = {isa = PBXFileReference; fileEncoding = 4; lastKnownFileType = sourcecode.swift; path = CKWorkHDataHandler.swift; sourceTree = "<group>"; };
		FA52C1881D08A91C007C4000 /* Main.storyboard */ = {isa = PBXFileReference; fileEncoding = 4; lastKnownFileType = file.storyboard; path = Main.storyboard; sourceTree = "<group>"; };
		FA52C18B1D08A93E007C4000 /* MainViewController.swift */ = {isa = PBXFileReference; fileEncoding = 4; lastKnownFileType = sourcecode.swift; path = MainViewController.swift; sourceTree = "<group>"; };
		FA52C18D1D09706F007C4000 /* DateHelper.swift */ = {isa = PBXFileReference; fileEncoding = 4; lastKnownFileType = sourcecode.swift; path = DateHelper.swift; sourceTree = "<group>"; };
		FA52C1901D098320007C4000 /* MainCell.swift */ = {isa = PBXFileReference; fileEncoding = 4; lastKnownFileType = sourcecode.swift; path = MainCell.swift; sourceTree = "<group>"; };
		FA52C1921D09E205007C4000 /* Session.swift */ = {isa = PBXFileReference; fileEncoding = 4; lastKnownFileType = sourcecode.swift; path = Session.swift; sourceTree = "<group>"; };
		FA6C11FD1D086E29002E2516 /* CKHandler.swift */ = {isa = PBXFileReference; fileEncoding = 4; lastKnownFileType = sourcecode.swift; path = CKHandler.swift; sourceTree = "<group>"; };
		FA6C12001D086E4D002E2516 /* Rewire.entitlements */ = {isa = PBXFileReference; lastKnownFileType = text.xml; path = Rewire.entitlements; sourceTree = "<group>"; };
		FA6C12011D086E65002E2516 /* CloudKit.framework */ = {isa = PBXFileReference; lastKnownFileType = wrapper.framework; name = CloudKit.framework; path = System/Library/Frameworks/CloudKit.framework; sourceTree = SDKROOT; };
		FA6C12051D087793002E2516 /* CKTo-dayDataHandler.swift */ = {isa = PBXFileReference; fileEncoding = 4; lastKnownFileType = sourcecode.swift; path = "CKTo-dayDataHandler.swift"; sourceTree = "<group>"; };
		FA802FDD1CFF9BD400318A6A /* ProgressHUDHandler.swift */ = {isa = PBXFileReference; fileEncoding = 4; lastKnownFileType = sourcecode.swift; path = ProgressHUDHandler.swift; sourceTree = "<group>"; };
		FA9382D11CFB7AD600F6357D /* NewHabitViewControllerTests.swift */ = {isa = PBXFileReference; fileEncoding = 4; lastKnownFileType = sourcecode.swift; path = NewHabitViewControllerTests.swift; sourceTree = "<group>"; };
		FA9382D31CFB7B6E00F6357D /* NewHabit.storyboard */ = {isa = PBXFileReference; fileEncoding = 4; lastKnownFileType = file.storyboard; path = NewHabit.storyboard; sourceTree = "<group>"; };
		FA9382DA1CFBBC2C00F6357D /* RealmSwift.framework */ = {isa = PBXFileReference; lastKnownFileType = wrapper.framework; name = RealmSwift.framework; path = "Pods/../build/Debug-iphoneos/RealmSwift/RealmSwift.framework"; sourceTree = "<group>"; };
		FA9530921CF8F40D00BA6771 /* NewHabitViewController.swift */ = {isa = PBXFileReference; fileEncoding = 4; lastKnownFileType = sourcecode.swift; path = NewHabitViewController.swift; sourceTree = "<group>"; };
		FAA1C0841D11F8BB00CCA201 /* TwitterAccountsSheetRenderer.swift */ = {isa = PBXFileReference; fileEncoding = 4; lastKnownFileType = sourcecode.swift; path = TwitterAccountsSheetRenderer.swift; sourceTree = "<group>"; };
		FAA1C0861D13809400CCA201 /* TwitterAccountAccessible.swift */ = {isa = PBXFileReference; fileEncoding = 4; lastKnownFileType = sourcecode.swift; path = TwitterAccountAccessible.swift; sourceTree = "<group>"; };
		FAA1C0881D1389A600CCA201 /* TwitterAccountConstructable.swift */ = {isa = PBXFileReference; fileEncoding = 4; lastKnownFileType = sourcecode.swift; path = TwitterAccountConstructable.swift; sourceTree = "<group>"; };
		FABAF2891D11EA77008A5CFD /* TwitterAccountConstructor.swift */ = {isa = PBXFileReference; fileEncoding = 4; lastKnownFileType = sourcecode.swift; path = TwitterAccountConstructor.swift; sourceTree = "<group>"; };
		FABAF28B1D11EB66008A5CFD /* TwitterAccountAccessRequestable.swift */ = {isa = PBXFileReference; fileEncoding = 4; lastKnownFileType = sourcecode.swift; path = TwitterAccountAccessRequestable.swift; sourceTree = "<group>"; };
		FABAF28D1D11ECF2008A5CFD /* TwitterAccountRequestable.swift */ = {isa = PBXFileReference; fileEncoding = 4; lastKnownFileType = sourcecode.swift; path = TwitterAccountRequestable.swift; sourceTree = "<group>"; };
		FABAF2911D11EFAD008A5CFD /* TwitterAccountID.swift */ = {isa = PBXFileReference; fileEncoding = 4; lastKnownFileType = sourcecode.swift; path = TwitterAccountID.swift; sourceTree = "<group>"; };
		FAE28EE11CA2017800E88D38 /* Rewire.app */ = {isa = PBXFileReference; explicitFileType = wrapper.application; includeInIndex = 0; path = Rewire.app; sourceTree = BUILT_PRODUCTS_DIR; };
		FAE28EE41CA2017800E88D38 /* AppDelegate.swift */ = {isa = PBXFileReference; lastKnownFileType = sourcecode.swift; path = AppDelegate.swift; sourceTree = "<group>"; };
		FAE28EEE1CA2017800E88D38 /* Assets.xcassets */ = {isa = PBXFileReference; lastKnownFileType = folder.assetcatalog; path = Assets.xcassets; sourceTree = "<group>"; };
		FAE28EF11CA2017800E88D38 /* Base */ = {isa = PBXFileReference; lastKnownFileType = file.storyboard; name = Base; path = Base.lproj/LaunchScreen.storyboard; sourceTree = "<group>"; };
		FAE28EF31CA2017800E88D38 /* Info.plist */ = {isa = PBXFileReference; lastKnownFileType = text.plist.xml; path = Info.plist; sourceTree = "<group>"; };
/* End PBXFileReference section */

/* Begin PBXFrameworksBuildPhase section */
		FA2FE42B1CF6881100324B00 /* Frameworks */ = {
			isa = PBXFrameworksBuildPhase;
			buildActionMask = 2147483647;
			files = (
				9F347DB05D9CC6CA8030C76F /* Pods_RewireTests.framework in Frameworks */,
			);
			runOnlyForDeploymentPostprocessing = 0;
		};
		FAE28EDE1CA2017800E88D38 /* Frameworks */ = {
			isa = PBXFrameworksBuildPhase;
			buildActionMask = 2147483647;
			files = (
				C8AC23E7D69CAF15B5DDE074 /* Pods_Rewire.framework in Frameworks */,
				FA6C12021D086E65002E2516 /* CloudKit.framework in Frameworks */,
			);
			runOnlyForDeploymentPostprocessing = 0;
		};
/* End PBXFrameworksBuildPhase section */

/* Begin PBXGroup section */
		3E323B37934C56227FD644B5 /* Frameworks */ = {
			isa = PBXGroup;
			children = (
				FA6C12011D086E65002E2516 /* CloudKit.framework */,
				FA9382DA1CFBBC2C00F6357D /* RealmSwift.framework */,
				B41C5F6ED5362284218E63DE /* Pods_Rewire.framework */,
				838E07881E826B170FCCD7A7 /* Pods_RewireTests.framework */,
			);
			name = Frameworks;
			sourceTree = "<group>";
		};
		A78905883D5C73DCD474D765 /* Pods */ = {
			isa = PBXGroup;
			children = (
				7EB8D5F618163DD888279FE5 /* Pods-Rewire.debug.xcconfig */,
				CAB46FD09DE61874350DFF8B /* Pods-Rewire.release.xcconfig */,
				D1258A4F5E61D2C2A4A1B490 /* Pods-RewireTests.debug.xcconfig */,
				8403AF944724422CF95D9C72 /* Pods-RewireTests.release.xcconfig */,
			);
			name = Pods;
			sourceTree = "<group>";
		};
		FA192A0B1CFCF16E00728B36 /* Twitter */ = {
			isa = PBXGroup;
			children = (
				FABAF2911D11EFAD008A5CFD /* TwitterAccountID.swift */,
				FABAF2891D11EA77008A5CFD /* TwitterAccountConstructor.swift */,
				FAA1C0881D1389A600CCA201 /* TwitterAccountConstructable.swift */,
				FAA1C0861D13809400CCA201 /* TwitterAccountAccessible.swift */,
				FABAF28B1D11EB66008A5CFD /* TwitterAccountAccessRequestable.swift */,
				FABAF28D1D11ECF2008A5CFD /* TwitterAccountRequestable.swift */,
				FAA1C0841D11F8BB00CCA201 /* TwitterAccountsSheetRenderer.swift */,
			);
			name = Twitter;
			sourceTree = "<group>";
		};
		FA2FE42F1CF6881100324B00 /* RewireTests */ = {
			isa = PBXGroup;
			children = (
				FA9382D11CFB7AD600F6357D /* NewHabitViewControllerTests.swift */,
				FA2FE4321CF6881100324B00 /* Info.plist */,
			);
			path = RewireTests;
			sourceTree = "<group>";
		};
		FA52C18A1D08A923007C4000 /* Main */ = {
			isa = PBXGroup;
			children = (
				FA52C1881D08A91C007C4000 /* Main.storyboard */,
				FA52C18B1D08A93E007C4000 /* MainViewController.swift */,
				FA52C1901D098320007C4000 /* MainCell.swift */,
			);
			name = Main;
			sourceTree = "<group>";
		};
		FA52C18F1D097074007C4000 /* Helpers */ = {
			isa = PBXGroup;
			children = (
				FA52C18D1D09706F007C4000 /* DateHelper.swift */,
			);
			name = Helpers;
			sourceTree = "<group>";
		};
		FA6C11FF1D086E2E002E2516 /* Cloud Kit */ = {
			isa = PBXGroup;
			children = (
				FA6C11FD1D086E29002E2516 /* CKHandler.swift */,
				FA6C12051D087793002E2516 /* CKTo-dayDataHandler.swift */,
				FA52C1861D0881C4007C4000 /* CKWorkHDataHandler.swift */,
			);
			name = "Cloud Kit";
			sourceTree = "<group>";
		};
		FA802FDF1CFF9E6800318A6A /* ProgressHUD */ = {
			isa = PBXGroup;
			children = (
				FA802FDD1CFF9BD400318A6A /* ProgressHUDHandler.swift */,
			);
			name = ProgressHUD;
			sourceTree = "<group>";
		};
		FA9382D51CFB7C8700F6357D /* New Habit */ = {
			isa = PBXGroup;
			children = (
				FA9382D31CFB7B6E00F6357D /* NewHabit.storyboard */,
				FA9530921CF8F40D00BA6771 /* NewHabitViewController.swift */,
			);
			name = "New Habit";
			sourceTree = "<group>";
		};
		FA9382D61CFB7C8F00F6357D /* Underground */ = {
			isa = PBXGroup;
			children = (
				FAE28EE41CA2017800E88D38 /* AppDelegate.swift */,
				FAE28EF31CA2017800E88D38 /* Info.plist */,
				FA6C12001D086E4D002E2516 /* Rewire.entitlements */,
				FAE28EEE1CA2017800E88D38 /* Assets.xcassets */,
				FAE28EF01CA2017800E88D38 /* LaunchScreen.storyboard */,
			);
			name = Underground;
			sourceTree = "<group>";
		};
		FA9382DF1CFC287000F6357D /* Data Models */ = {
			isa = PBXGroup;
			children = (
				FA31DBFA1D024688007410D3 /* Habit.swift */,
				FA31DBFE1D024C70007410D3 /* Day.swift */,
				FA31DBFC1D02479B007410D3 /* Task.swift */,
				FA52C1921D09E205007C4000 /* Session.swift */,
			);
			name = "Data Models";
			sourceTree = "<group>";
		};
		FAE28ED81CA2017800E88D38 = {
			isa = PBXGroup;
			children = (
				FAE28EE31CA2017800E88D38 /* Rewire */,
				FA2FE42F1CF6881100324B00 /* RewireTests */,
				FAE28EE21CA2017800E88D38 /* Products */,
				A78905883D5C73DCD474D765 /* Pods */,
				3E323B37934C56227FD644B5 /* Frameworks */,
			);
			sourceTree = "<group>";
		};
		FAE28EE21CA2017800E88D38 /* Products */ = {
			isa = PBXGroup;
			children = (
				FAE28EE11CA2017800E88D38 /* Rewire.app */,
				FA2FE42E1CF6881100324B00 /* RewireTests.xctest */,
			);
			name = Products;
			sourceTree = "<group>";
		};
		FAE28EE31CA2017800E88D38 /* Rewire */ = {
			isa = PBXGroup;
			children = (
				FA9382D61CFB7C8F00F6357D /* Underground */,
				FA9382D51CFB7C8700F6357D /* New Habit */,
				FA52C18A1D08A923007C4000 /* Main */,
				FA6C11FF1D086E2E002E2516 /* Cloud Kit */,
				FA192A0B1CFCF16E00728B36 /* Twitter */,
				FA9382DF1CFC287000F6357D /* Data Models */,
				FA52C18F1D097074007C4000 /* Helpers */,
				FA802FDF1CFF9E6800318A6A /* ProgressHUD */,
			);
			path = Rewire;
			sourceTree = "<group>";
		};
/* End PBXGroup section */

/* Begin PBXNativeTarget section */
		FA2FE42D1CF6881100324B00 /* RewireTests */ = {
			isa = PBXNativeTarget;
			buildConfigurationList = FA2FE4351CF6881100324B00 /* Build configuration list for PBXNativeTarget "RewireTests" */;
			buildPhases = (
				7EE231DB695EA512873BDF03 /* 📦 Check Pods Manifest.lock */,
				FA2FE42A1CF6881100324B00 /* Sources */,
				FA2FE42B1CF6881100324B00 /* Frameworks */,
				FA2FE42C1CF6881100324B00 /* Resources */,
				8DDC04E2A47EE10629F9F420 /* 📦 Embed Pods Frameworks */,
				3BE99E19F60012721DEC807E /* 📦 Copy Pods Resources */,
			);
			buildRules = (
			);
			dependencies = (
				FA2FE4341CF6881100324B00 /* PBXTargetDependency */,
			);
			name = RewireTests;
			productName = RewireTests;
			productReference = FA2FE42E1CF6881100324B00 /* RewireTests.xctest */;
			productType = "com.apple.product-type.bundle.unit-test";
		};
		FAE28EE01CA2017800E88D38 /* Rewire */ = {
			isa = PBXNativeTarget;
			buildConfigurationList = FAE28EF61CA2017900E88D38 /* Build configuration list for PBXNativeTarget "Rewire" */;
			buildPhases = (
				3D5DC55311238481CF3506E6 /* 📦 Check Pods Manifest.lock */,
				FAE28EDD1CA2017800E88D38 /* Sources */,
				FAE28EDE1CA2017800E88D38 /* Frameworks */,
				FAE28EDF1CA2017800E88D38 /* Resources */,
				3F4271D1ED6B4E6C7606889F /* 📦 Embed Pods Frameworks */,
				9CFE30D097312CC7B7BC5EB5 /* 📦 Copy Pods Resources */,
			);
			buildRules = (
			);
			dependencies = (
			);
			name = Rewire;
			productName = Rewire;
			productReference = FAE28EE11CA2017800E88D38 /* Rewire.app */;
			productType = "com.apple.product-type.application";
		};
/* End PBXNativeTarget section */

/* Begin PBXProject section */
		FAE28ED91CA2017800E88D38 /* Project object */ = {
			isa = PBXProject;
			attributes = {
				LastSwiftUpdateCheck = 0730;
				LastUpgradeCheck = 0730;
				ORGANIZATIONNAME = "Zel Marko";
				TargetAttributes = {
					FA2FE42D1CF6881100324B00 = {
						CreatedOnToolsVersion = 7.3;
						TestTargetID = FAE28EE01CA2017800E88D38;
					};
					FAE28EE01CA2017800E88D38 = {
						CreatedOnToolsVersion = 7.3;
						DevelopmentTeam = 96HG6E2WJ6;
						SystemCapabilities = {
							com.apple.ApplicationGroups.iOS = {
								enabled = 1;
							};
							com.apple.iCloud = {
								enabled = 1;
							};
						};
					};
				};
			};
			buildConfigurationList = FAE28EDC1CA2017800E88D38 /* Build configuration list for PBXProject "Rewire" */;
			compatibilityVersion = "Xcode 3.2";
			developmentRegion = English;
			hasScannedForEncodings = 0;
			knownRegions = (
				en,
				Base,
			);
			mainGroup = FAE28ED81CA2017800E88D38;
			productRefGroup = FAE28EE21CA2017800E88D38 /* Products */;
			projectDirPath = "";
			projectRoot = "";
			targets = (
				FAE28EE01CA2017800E88D38 /* Rewire */,
				FA2FE42D1CF6881100324B00 /* RewireTests */,
			);
		};
/* End PBXProject section */

/* Begin PBXResourcesBuildPhase section */
		FA2FE42C1CF6881100324B00 /* Resources */ = {
			isa = PBXResourcesBuildPhase;
			buildActionMask = 2147483647;
			files = (
			);
			runOnlyForDeploymentPostprocessing = 0;
		};
		FAE28EDF1CA2017800E88D38 /* Resources */ = {
			isa = PBXResourcesBuildPhase;
			buildActionMask = 2147483647;
			files = (
				FA9382D41CFB7B6E00F6357D /* NewHabit.storyboard in Resources */,
				FAE28EF21CA2017800E88D38 /* LaunchScreen.storyboard in Resources */,
				FAE28EEF1CA2017800E88D38 /* Assets.xcassets in Resources */,
				FA52C1891D08A91C007C4000 /* Main.storyboard in Resources */,
			);
			runOnlyForDeploymentPostprocessing = 0;
		};
/* End PBXResourcesBuildPhase section */

/* Begin PBXShellScriptBuildPhase section */
		3BE99E19F60012721DEC807E /* 📦 Copy Pods Resources */ = {
			isa = PBXShellScriptBuildPhase;
			buildActionMask = 2147483647;
			files = (
			);
			inputPaths = (
			);
			name = "📦 Copy Pods Resources";
			outputPaths = (
			);
			runOnlyForDeploymentPostprocessing = 0;
			shellPath = /bin/sh;
			shellScript = "\"${SRCROOT}/Pods/Target Support Files/Pods-RewireTests/Pods-RewireTests-resources.sh\"\n";
			showEnvVarsInLog = 0;
		};
		3D5DC55311238481CF3506E6 /* 📦 Check Pods Manifest.lock */ = {
			isa = PBXShellScriptBuildPhase;
			buildActionMask = 2147483647;
			files = (
			);
			inputPaths = (
			);
			name = "📦 Check Pods Manifest.lock";
			outputPaths = (
			);
			runOnlyForDeploymentPostprocessing = 0;
			shellPath = /bin/sh;
			shellScript = "diff \"${PODS_ROOT}/../Podfile.lock\" \"${PODS_ROOT}/Manifest.lock\" > /dev/null\nif [[ $? != 0 ]] ; then\n    cat << EOM\nerror: The sandbox is not in sync with the Podfile.lock. Run 'pod install' or update your CocoaPods installation.\nEOM\n    exit 1\nfi\n";
			showEnvVarsInLog = 0;
		};
		3F4271D1ED6B4E6C7606889F /* 📦 Embed Pods Frameworks */ = {
			isa = PBXShellScriptBuildPhase;
			buildActionMask = 2147483647;
			files = (
			);
			inputPaths = (
			);
			name = "📦 Embed Pods Frameworks";
			outputPaths = (
			);
			runOnlyForDeploymentPostprocessing = 0;
			shellPath = /bin/sh;
			shellScript = "\"${SRCROOT}/Pods/Target Support Files/Pods-Rewire/Pods-Rewire-frameworks.sh\"\n";
			showEnvVarsInLog = 0;
		};
		7EE231DB695EA512873BDF03 /* 📦 Check Pods Manifest.lock */ = {
			isa = PBXShellScriptBuildPhase;
			buildActionMask = 2147483647;
			files = (
			);
			inputPaths = (
			);
			name = "📦 Check Pods Manifest.lock";
			outputPaths = (
			);
			runOnlyForDeploymentPostprocessing = 0;
			shellPath = /bin/sh;
			shellScript = "diff \"${PODS_ROOT}/../Podfile.lock\" \"${PODS_ROOT}/Manifest.lock\" > /dev/null\nif [[ $? != 0 ]] ; then\n    cat << EOM\nerror: The sandbox is not in sync with the Podfile.lock. Run 'pod install' or update your CocoaPods installation.\nEOM\n    exit 1\nfi\n";
			showEnvVarsInLog = 0;
		};
		8DDC04E2A47EE10629F9F420 /* 📦 Embed Pods Frameworks */ = {
			isa = PBXShellScriptBuildPhase;
			buildActionMask = 2147483647;
			files = (
			);
			inputPaths = (
			);
			name = "📦 Embed Pods Frameworks";
			outputPaths = (
			);
			runOnlyForDeploymentPostprocessing = 0;
			shellPath = /bin/sh;
			shellScript = "\"${SRCROOT}/Pods/Target Support Files/Pods-RewireTests/Pods-RewireTests-frameworks.sh\"\n";
			showEnvVarsInLog = 0;
		};
		9CFE30D097312CC7B7BC5EB5 /* 📦 Copy Pods Resources */ = {
			isa = PBXShellScriptBuildPhase;
			buildActionMask = 2147483647;
			files = (
			);
			inputPaths = (
			);
			name = "📦 Copy Pods Resources";
			outputPaths = (
			);
			runOnlyForDeploymentPostprocessing = 0;
			shellPath = /bin/sh;
			shellScript = "\"${SRCROOT}/Pods/Target Support Files/Pods-Rewire/Pods-Rewire-resources.sh\"\n";
			showEnvVarsInLog = 0;
		};
/* End PBXShellScriptBuildPhase section */

/* Begin PBXSourcesBuildPhase section */
		FA2FE42A1CF6881100324B00 /* Sources */ = {
			isa = PBXSourcesBuildPhase;
			buildActionMask = 2147483647;
			files = (
				FA9382D21CFB7AD600F6357D /* NewHabitViewControllerTests.swift in Sources */,
			);
			runOnlyForDeploymentPostprocessing = 0;
		};
		FAE28EDD1CA2017800E88D38 /* Sources */ = {
			isa = PBXSourcesBuildPhase;
			buildActionMask = 2147483647;
			files = (
				FA31DBFB1D024688007410D3 /* Habit.swift in Sources */,
				FA52C1871D0881C4007C4000 /* CKWorkHDataHandler.swift in Sources */,
				FABAF2921D11EFAD008A5CFD /* TwitterAccountID.swift in Sources */,
				FA52C18C1D08A93E007C4000 /* MainViewController.swift in Sources */,
				FA31DBFF1D024C70007410D3 /* Day.swift in Sources */,
				FA52C1931D09E205007C4000 /* Session.swift in Sources */,
				FABAF28E1D11ECF2008A5CFD /* TwitterAccountRequestable.swift in Sources */,
				FAA1C0871D13809400CCA201 /* TwitterAccountAccessible.swift in Sources */,
				FA6C11FE1D086E29002E2516 /* CKHandler.swift in Sources */,
				FA9530931CF8F40D00BA6771 /* NewHabitViewController.swift in Sources */,
				FABAF28C1D11EB66008A5CFD /* TwitterAccountAccessRequestable.swift in Sources */,
				FAA1C0891D1389A600CCA201 /* TwitterAccountConstructable.swift in Sources */,
				FA52C1911D098320007C4000 /* MainCell.swift in Sources */,
				FAA1C0851D11F8BB00CCA201 /* TwitterAccountsSheetRenderer.swift in Sources */,
				FA52C18E1D09706F007C4000 /* DateHelper.swift in Sources */,
				FABAF28A1D11EA78008A5CFD /* TwitterAccountConstructor.swift in Sources */,
				FAE28EE51CA2017800E88D38 /* AppDelegate.swift in Sources */,
				FA31DBFD1D02479B007410D3 /* Task.swift in Sources */,
				FA6C12061D087793002E2516 /* CKTo-dayDataHandler.swift in Sources */,
				FA802FDE1CFF9BD400318A6A /* ProgressHUDHandler.swift in Sources */,
			);
			runOnlyForDeploymentPostprocessing = 0;
		};
/* End PBXSourcesBuildPhase section */

/* Begin PBXTargetDependency section */
		FA2FE4341CF6881100324B00 /* PBXTargetDependency */ = {
			isa = PBXTargetDependency;
			target = FAE28EE01CA2017800E88D38 /* Rewire */;
			targetProxy = FA2FE4331CF6881100324B00 /* PBXContainerItemProxy */;
		};
/* End PBXTargetDependency section */

/* Begin PBXVariantGroup section */
		FAE28EF01CA2017800E88D38 /* LaunchScreen.storyboard */ = {
			isa = PBXVariantGroup;
			children = (
				FAE28EF11CA2017800E88D38 /* Base */,
			);
			name = LaunchScreen.storyboard;
			sourceTree = "<group>";
		};
/* End PBXVariantGroup section */

/* Begin XCBuildConfiguration section */
		FA2FE4361CF6881100324B00 /* Debug */ = {
			isa = XCBuildConfiguration;
			baseConfigurationReference = D1258A4F5E61D2C2A4A1B490 /* Pods-RewireTests.debug.xcconfig */;
			buildSettings = {
				BUNDLE_LOADER = "$(TEST_HOST)";
				CLANG_ENABLE_MODULES = YES;
				FRAMEWORK_SEARCH_PATHS = (
					"$(PROJECT_DIR)",
					"$(inherited)",
				);
				INFOPLIST_FILE = RewireTests/Info.plist;
				LD_RUNPATH_SEARCH_PATHS = "$(inherited) @executable_path/Frameworks @loader_path/Frameworks";
				PRODUCT_BUNDLE_IDENTIFIER = com.zzzel.RewireTests;
				PRODUCT_NAME = "$(TARGET_NAME)";
				SWIFT_OPTIMIZATION_LEVEL = "-Onone";
				TEST_HOST = "$(BUILT_PRODUCTS_DIR)/Rewire.app/Rewire";
			};
			name = Debug;
		};
		FA2FE4371CF6881100324B00 /* Release */ = {
			isa = XCBuildConfiguration;
			baseConfigurationReference = 8403AF944724422CF95D9C72 /* Pods-RewireTests.release.xcconfig */;
			buildSettings = {
				BUNDLE_LOADER = "$(TEST_HOST)";
				CLANG_ENABLE_MODULES = YES;
				FRAMEWORK_SEARCH_PATHS = (
					"$(PROJECT_DIR)",
					"$(inherited)",
				);
				INFOPLIST_FILE = RewireTests/Info.plist;
				LD_RUNPATH_SEARCH_PATHS = "$(inherited) @executable_path/Frameworks @loader_path/Frameworks";
				PRODUCT_BUNDLE_IDENTIFIER = com.zzzel.RewireTests;
				PRODUCT_NAME = "$(TARGET_NAME)";
				TEST_HOST = "$(BUILT_PRODUCTS_DIR)/Rewire.app/Rewire";
			};
			name = Release;
		};
		FAE28EF41CA2017900E88D38 /* Debug */ = {
			isa = XCBuildConfiguration;
			buildSettings = {
				ALWAYS_SEARCH_USER_PATHS = NO;
				CLANG_ANALYZER_NONNULL = YES;
				CLANG_CXX_LANGUAGE_STANDARD = "gnu++0x";
				CLANG_CXX_LIBRARY = "libc++";
				CLANG_ENABLE_MODULES = YES;
				CLANG_ENABLE_OBJC_ARC = YES;
				CLANG_WARN_BOOL_CONVERSION = YES;
				CLANG_WARN_CONSTANT_CONVERSION = YES;
				CLANG_WARN_DIRECT_OBJC_ISA_USAGE = YES_ERROR;
				CLANG_WARN_EMPTY_BODY = YES;
				CLANG_WARN_ENUM_CONVERSION = YES;
				CLANG_WARN_INT_CONVERSION = YES;
				CLANG_WARN_OBJC_ROOT_CLASS = YES_ERROR;
				CLANG_WARN_UNREACHABLE_CODE = YES;
				CLANG_WARN__DUPLICATE_METHOD_MATCH = YES;
				"CODE_SIGN_IDENTITY[sdk=iphoneos*]" = "iPhone Developer";
				COPY_PHASE_STRIP = NO;
				DEBUG_INFORMATION_FORMAT = dwarf;
				ENABLE_STRICT_OBJC_MSGSEND = YES;
				ENABLE_TESTABILITY = YES;
				GCC_C_LANGUAGE_STANDARD = gnu99;
				GCC_DYNAMIC_NO_PIC = NO;
				GCC_NO_COMMON_BLOCKS = YES;
				GCC_OPTIMIZATION_LEVEL = 0;
				GCC_PREPROCESSOR_DEFINITIONS = (
					"DEBUG=1",
					"$(inherited)",
				);
				GCC_WARN_64_TO_32_BIT_CONVERSION = YES;
				GCC_WARN_ABOUT_RETURN_TYPE = YES_ERROR;
				GCC_WARN_UNDECLARED_SELECTOR = YES;
				GCC_WARN_UNINITIALIZED_AUTOS = YES_AGGRESSIVE;
				GCC_WARN_UNUSED_FUNCTION = YES;
				GCC_WARN_UNUSED_VARIABLE = YES;
				IPHONEOS_DEPLOYMENT_TARGET = 9.3;
				MTL_ENABLE_DEBUG_INFO = YES;
				ONLY_ACTIVE_ARCH = YES;
				SDKROOT = iphoneos;
				SWIFT_OPTIMIZATION_LEVEL = "-Onone";
			};
			name = Debug;
		};
		FAE28EF51CA2017900E88D38 /* Release */ = {
			isa = XCBuildConfiguration;
			buildSettings = {
				ALWAYS_SEARCH_USER_PATHS = NO;
				CLANG_ANALYZER_NONNULL = YES;
				CLANG_CXX_LANGUAGE_STANDARD = "gnu++0x";
				CLANG_CXX_LIBRARY = "libc++";
				CLANG_ENABLE_MODULES = YES;
				CLANG_ENABLE_OBJC_ARC = YES;
				CLANG_WARN_BOOL_CONVERSION = YES;
				CLANG_WARN_CONSTANT_CONVERSION = YES;
				CLANG_WARN_DIRECT_OBJC_ISA_USAGE = YES_ERROR;
				CLANG_WARN_EMPTY_BODY = YES;
				CLANG_WARN_ENUM_CONVERSION = YES;
				CLANG_WARN_INT_CONVERSION = YES;
				CLANG_WARN_OBJC_ROOT_CLASS = YES_ERROR;
				CLANG_WARN_UNREACHABLE_CODE = YES;
				CLANG_WARN__DUPLICATE_METHOD_MATCH = YES;
				"CODE_SIGN_IDENTITY[sdk=iphoneos*]" = "iPhone Developer";
				COPY_PHASE_STRIP = NO;
				DEBUG_INFORMATION_FORMAT = "dwarf-with-dsym";
				ENABLE_NS_ASSERTIONS = NO;
				ENABLE_STRICT_OBJC_MSGSEND = YES;
				GCC_C_LANGUAGE_STANDARD = gnu99;
				GCC_NO_COMMON_BLOCKS = YES;
				GCC_WARN_64_TO_32_BIT_CONVERSION = YES;
				GCC_WARN_ABOUT_RETURN_TYPE = YES_ERROR;
				GCC_WARN_UNDECLARED_SELECTOR = YES;
				GCC_WARN_UNINITIALIZED_AUTOS = YES_AGGRESSIVE;
				GCC_WARN_UNUSED_FUNCTION = YES;
				GCC_WARN_UNUSED_VARIABLE = YES;
				IPHONEOS_DEPLOYMENT_TARGET = 9.3;
				MTL_ENABLE_DEBUG_INFO = NO;
				SDKROOT = iphoneos;
				VALIDATE_PRODUCT = YES;
			};
			name = Release;
		};
		FAE28EF71CA2017900E88D38 /* Debug */ = {
			isa = XCBuildConfiguration;
			baseConfigurationReference = 7EB8D5F618163DD888279FE5 /* Pods-Rewire.debug.xcconfig */;
			buildSettings = {
				ASSETCATALOG_COMPILER_APPICON_NAME = AppIcon;
				CODE_SIGN_ENTITLEMENTS = Rewire/Rewire.entitlements;
				INFOPLIST_FILE = Rewire/Info.plist;
				LD_RUNPATH_SEARCH_PATHS = "$(inherited) @executable_path/Frameworks";
				PRODUCT_BUNDLE_IDENTIFIER = com.zzzel.Rewire;
				PRODUCT_NAME = "$(TARGET_NAME)";
			};
			name = Debug;
		};
		FAE28EF81CA2017900E88D38 /* Release */ = {
			isa = XCBuildConfiguration;
			baseConfigurationReference = CAB46FD09DE61874350DFF8B /* Pods-Rewire.release.xcconfig */;
			buildSettings = {
				ASSETCATALOG_COMPILER_APPICON_NAME = AppIcon;
				CODE_SIGN_ENTITLEMENTS = Rewire/Rewire.entitlements;
				INFOPLIST_FILE = Rewire/Info.plist;
				LD_RUNPATH_SEARCH_PATHS = "$(inherited) @executable_path/Frameworks";
				PRODUCT_BUNDLE_IDENTIFIER = com.zzzel.Rewire;
				PRODUCT_NAME = "$(TARGET_NAME)";
			};
			name = Release;
		};
/* End XCBuildConfiguration section */

/* Begin XCConfigurationList section */
		FA2FE4351CF6881100324B00 /* Build configuration list for PBXNativeTarget "RewireTests" */ = {
			isa = XCConfigurationList;
			buildConfigurations = (
				FA2FE4361CF6881100324B00 /* Debug */,
				FA2FE4371CF6881100324B00 /* Release */,
			);
			defaultConfigurationIsVisible = 0;
			defaultConfigurationName = Release;
		};
		FAE28EDC1CA2017800E88D38 /* Build configuration list for PBXProject "Rewire" */ = {
			isa = XCConfigurationList;
			buildConfigurations = (
				FAE28EF41CA2017900E88D38 /* Debug */,
				FAE28EF51CA2017900E88D38 /* Release */,
			);
			defaultConfigurationIsVisible = 0;
			defaultConfigurationName = Release;
		};
		FAE28EF61CA2017900E88D38 /* Build configuration list for PBXNativeTarget "Rewire" */ = {
			isa = XCConfigurationList;
			buildConfigurations = (
				FAE28EF71CA2017900E88D38 /* Debug */,
				FAE28EF81CA2017900E88D38 /* Release */,
			);
			defaultConfigurationIsVisible = 0;
			defaultConfigurationName = Release;
		};
/* End XCConfigurationList section */
	};
	rootObject = FAE28ED91CA2017800E88D38 /* Project object */;
}
